// !$*UTF8*$!
{
	archiveVersion = 1;
	classes = {
	};
	objectVersion = 46;
	objects = {

/* Begin PBXBuildFile section */
		11801BB51902E6CC00223E27 /* checkbox.png in Resources */ = {isa = PBXBuildFile; fileRef = 11801BB41902E6CC00223E27 /* checkbox.png */; };
		11801BB81902E6D300223E27 /* checkbox-checked.png in Resources */ = {isa = PBXBuildFile; fileRef = 11801BB71902E6D300223E27 /* checkbox-checked.png */; };
		11801BBA1902E70800223E27 /* QuestionnaireViewController.xib in Resources */ = {isa = PBXBuildFile; fileRef = 11801BB91902E70800223E27 /* QuestionnaireViewController.xib */; };
		11801BBC1902E71300223E27 /* QuestionnaireViewController.m in Sources */ = {isa = PBXBuildFile; fileRef = 11801BBB1902E71300223E27 /* QuestionnaireViewController.m */; };
		118CDBEE1906007B008FD4B1 /* MIRadioButtonGroup.m in Sources */ = {isa = PBXBuildFile; fileRef = 118CDBED1906007B008FD4B1 /* MIRadioButtonGroup.m */; };
		567AED6919033EB2002D0EA9 /* Attendee.m in Sources */ = {isa = PBXBuildFile; fileRef = 567AED6819033EB2002D0EA9 /* Attendee.m */; };
		568FCE9618F780C6002D65F3 /* UIKit.framework in Frameworks */ = {isa = PBXBuildFile; fileRef = 568FCE9518F780C6002D65F3 /* UIKit.framework */; };
		568FCE9818F780C6002D65F3 /* Foundation.framework in Frameworks */ = {isa = PBXBuildFile; fileRef = 568FCE9718F780C6002D65F3 /* Foundation.framework */; };
		568FCE9A18F780C6002D65F3 /* CoreGraphics.framework in Frameworks */ = {isa = PBXBuildFile; fileRef = 568FCE9918F780C6002D65F3 /* CoreGraphics.framework */; };
		568FCEA018F780C6002D65F3 /* InfoPlist.strings in Resources */ = {isa = PBXBuildFile; fileRef = 568FCE9E18F780C6002D65F3 /* InfoPlist.strings */; };
		568FCEA218F780C6002D65F3 /* main.mm in Sources */ = {isa = PBXBuildFile; fileRef = 568FCEA118F780C6002D65F3 /* main.mm */; };
		568FCEA618F780C7002D65F3 /* InfoGrabrAppDelegate.m in Sources */ = {isa = PBXBuildFile; fileRef = 568FCEA518F780C7002D65F3 /* InfoGrabrAppDelegate.m */; };
		568FCEA818F780C7002D65F3 /* Default.png in Resources */ = {isa = PBXBuildFile; fileRef = 568FCEA718F780C7002D65F3 /* Default.png */; };
		568FCEAA18F780C7002D65F3 /* Default@2x.png in Resources */ = {isa = PBXBuildFile; fileRef = 568FCEA918F780C7002D65F3 /* Default@2x.png */; };
		568FCEAC18F780C7002D65F3 /* Default-568h@2x.png in Resources */ = {isa = PBXBuildFile; fileRef = 568FCEAB18F780C7002D65F3 /* Default-568h@2x.png */; };
		568FCEB118F780C7002D65F3 /* first.png in Resources */ = {isa = PBXBuildFile; fileRef = 568FCEB018F780C7002D65F3 /* first.png */; };
		568FCEB318F780C7002D65F3 /* first@2x.png in Resources */ = {isa = PBXBuildFile; fileRef = 568FCEB218F780C7002D65F3 /* first@2x.png */; };
		568FCEB818F780C7002D65F3 /* second.png in Resources */ = {isa = PBXBuildFile; fileRef = 568FCEB718F780C7002D65F3 /* second.png */; };
		568FCEBA18F780C7002D65F3 /* second@2x.png in Resources */ = {isa = PBXBuildFile; fileRef = 568FCEB918F780C7002D65F3 /* second@2x.png */; };
		568FCED318F7846C002D65F3 /* AVFoundation.framework in Frameworks */ = {isa = PBXBuildFile; fileRef = 568FCED218F7846C002D65F3 /* AVFoundation.framework */; settings = {ATTRIBUTES = (Required, ); }; };
		568FCED518F78474002D65F3 /* AudioToolbox.framework in Frameworks */ = {isa = PBXBuildFile; fileRef = 568FCED418F78474002D65F3 /* AudioToolbox.framework */; };
		568FCED718F78480002D65F3 /* CoreVideo.framework in Frameworks */ = {isa = PBXBuildFile; fileRef = 568FCED618F78480002D65F3 /* CoreVideo.framework */; };
		568FCED918F78487002D65F3 /* CoreMedia.framework in Frameworks */ = {isa = PBXBuildFile; fileRef = 568FCED818F78487002D65F3 /* CoreMedia.framework */; };
		568FCEDB18F78492002D65F3 /* libiconv.dylib in Frameworks */ = {isa = PBXBuildFile; fileRef = 568FCEDA18F78492002D65F3 /* libiconv.dylib */; };
		568FCEDE18F7849E002D65F3 /* AddressBook.framework in Frameworks */ = {isa = PBXBuildFile; fileRef = 568FCEDC18F7849E002D65F3 /* AddressBook.framework */; };
		568FCEDF18F7849E002D65F3 /* AddressBookUI.framework in Frameworks */ = {isa = PBXBuildFile; fileRef = 568FCEDD18F7849E002D65F3 /* AddressBookUI.framework */; };
		568FCEF418F787C9002D65F3 /* libZXingWidget.a in Frameworks */ = {isa = PBXBuildFile; fileRef = 568FCEEF18F787B5002D65F3 /* libZXingWidget.a */; };
		5694FDDA18F8188B0061A991 /* ScanViewController.mm in Sources */ = {isa = PBXBuildFile; fileRef = 5694FDD818F8188B0061A991 /* ScanViewController.mm */; };
		5694FDDB18F8188B0061A991 /* ScanViewController.xib in Resources */ = {isa = PBXBuildFile; fileRef = 5694FDD918F8188B0061A991 /* ScanViewController.xib */; };
		5694FDDD18F823A80061A991 /* beep-beep.aiff in Resources */ = {isa = PBXBuildFile; fileRef = 5694FDDC18F823A70061A991 /* beep-beep.aiff */; };
		5694FDDF18F9B1140061A991 /* CoreData.framework in Frameworks */ = {isa = PBXBuildFile; fileRef = 5694FDDE18F9B1140061A991 /* CoreData.framework */; };
		5694FDE218F9B14E0061A991 /* InfoGrabr.xcdatamodeld in Sources */ = {isa = PBXBuildFile; fileRef = 5694FDE018F9B14E0061A991 /* InfoGrabr.xcdatamodeld */; };
		5694FDF018FAE6C10061A991 /* AttendeeStore.m in Sources */ = {isa = PBXBuildFile; fileRef = 5694FDEF18FAE6C10061A991 /* AttendeeStore.m */; };
		569CA76F190319CF009CB655 /* RecordViewController.m in Sources */ = {isa = PBXBuildFile; fileRef = 569CA76D190319CD009CB655 /* RecordViewController.m */; };
		569CA770190319CF009CB655 /* RecordViewController.xib in Resources */ = {isa = PBXBuildFile; fileRef = 569CA76E190319CE009CB655 /* RecordViewController.xib */; };
		569CA77419031ED6009CB655 /* camera.png in Resources */ = {isa = PBXBuildFile; fileRef = 569CA77319031ED6009CB655 /* camera.png */; };
		901D2C6819058DC300161DEB /* InfoGrabrJSON.m in Sources */ = {isa = PBXBuildFile; fileRef = 901D2C6719058DC300161DEB /* InfoGrabrJSON.m */; };
/* End PBXBuildFile section */

/* Begin PBXContainerItemProxy section */
		568FCEEE18F787B5002D65F3 /* PBXContainerItemProxy */ = {
			isa = PBXContainerItemProxy;
			containerPortal = 568FCEE918F787B5002D65F3 /* ZXingWidget.xcodeproj */;
			proxyType = 2;
			remoteGlobalIDString = D2AAC07E0554694100DB518D;
			remoteInfo = ZXingWidget;
		};
		568FCEF018F787B5002D65F3 /* PBXContainerItemProxy */ = {
			isa = PBXContainerItemProxy;
			containerPortal = 568FCEE918F787B5002D65F3 /* ZXingWidget.xcodeproj */;
			proxyType = 2;
			remoteGlobalIDString = 1D60398D13DF7CAD006F4B51;
			remoteInfo = ZXingTests;
		};
		568FCEF218F787C2002D65F3 /* PBXContainerItemProxy */ = {
			isa = PBXContainerItemProxy;
			containerPortal = 568FCEE918F787B5002D65F3 /* ZXingWidget.xcodeproj */;
			proxyType = 1;
			remoteGlobalIDString = D2AAC07D0554694100DB518D;
			remoteInfo = ZXingWidget;
		};
/* End PBXContainerItemProxy section */

/* Begin PBXFileReference section */
		11801BB41902E6CC00223E27 /* checkbox.png */ = {isa = PBXFileReference; lastKnownFileType = image.png; path = checkbox.png; sourceTree = "<group>"; };
		11801BB71902E6D300223E27 /* checkbox-checked.png */ = {isa = PBXFileReference; lastKnownFileType = image.png; path = "checkbox-checked.png"; sourceTree = "<group>"; };
		11801BB91902E70800223E27 /* QuestionnaireViewController.xib */ = {isa = PBXFileReference; fileEncoding = 4; lastKnownFileType = file.xib; path = QuestionnaireViewController.xib; sourceTree = "<group>"; };
		11801BBB1902E71300223E27 /* QuestionnaireViewController.m */ = {isa = PBXFileReference; fileEncoding = 4; lastKnownFileType = sourcecode.c.objc; path = QuestionnaireViewController.m; sourceTree = "<group>"; };
		11801BBD1902E72500223E27 /* QuestionnaireViewController.h */ = {isa = PBXFileReference; lastKnownFileType = sourcecode.c.h; path = QuestionnaireViewController.h; sourceTree = "<group>"; };
		118CDBEC1906007B008FD4B1 /* MIRadioButtonGroup.h */ = {isa = PBXFileReference; fileEncoding = 4; lastKnownFileType = sourcecode.c.h; path = MIRadioButtonGroup.h; sourceTree = "<group>"; };
		118CDBED1906007B008FD4B1 /* MIRadioButtonGroup.m */ = {isa = PBXFileReference; fileEncoding = 4; lastKnownFileType = sourcecode.c.objc; path = MIRadioButtonGroup.m; sourceTree = "<group>"; };
		567AED6719033EB2002D0EA9 /* Attendee.h */ = {isa = PBXFileReference; fileEncoding = 4; lastKnownFileType = sourcecode.c.h; path = Attendee.h; sourceTree = "<group>"; };
		567AED6819033EB2002D0EA9 /* Attendee.m */ = {isa = PBXFileReference; fileEncoding = 4; lastKnownFileType = sourcecode.c.objc; path = Attendee.m; sourceTree = "<group>"; };
		568FCE9218F780C6002D65F3 /* InfoGrabr.app */ = {isa = PBXFileReference; explicitFileType = wrapper.application; includeInIndex = 0; path = InfoGrabr.app; sourceTree = BUILT_PRODUCTS_DIR; };
		568FCE9518F780C6002D65F3 /* UIKit.framework */ = {isa = PBXFileReference; lastKnownFileType = wrapper.framework; name = UIKit.framework; path = System/Library/Frameworks/UIKit.framework; sourceTree = SDKROOT; };
		568FCE9718F780C6002D65F3 /* Foundation.framework */ = {isa = PBXFileReference; lastKnownFileType = wrapper.framework; name = Foundation.framework; path = System/Library/Frameworks/Foundation.framework; sourceTree = SDKROOT; };
		568FCE9918F780C6002D65F3 /* CoreGraphics.framework */ = {isa = PBXFileReference; lastKnownFileType = wrapper.framework; name = CoreGraphics.framework; path = System/Library/Frameworks/CoreGraphics.framework; sourceTree = SDKROOT; };
		568FCE9D18F780C6002D65F3 /* InfoGrabr-Info.plist */ = {isa = PBXFileReference; lastKnownFileType = text.plist.xml; path = "InfoGrabr-Info.plist"; sourceTree = "<group>"; };
		568FCE9F18F780C6002D65F3 /* en */ = {isa = PBXFileReference; lastKnownFileType = text.plist.strings; name = en; path = en.lproj/InfoPlist.strings; sourceTree = "<group>"; };
		568FCEA118F780C6002D65F3 /* main.mm */ = {isa = PBXFileReference; lastKnownFileType = sourcecode.cpp.objcpp; path = main.mm; sourceTree = "<group>"; };
		568FCEA318F780C6002D65F3 /* InfoGrabr-Prefix.pch */ = {isa = PBXFileReference; lastKnownFileType = sourcecode.c.h; path = "InfoGrabr-Prefix.pch"; sourceTree = "<group>"; };
		568FCEA418F780C7002D65F3 /* InfoGrabrAppDelegate.h */ = {isa = PBXFileReference; lastKnownFileType = sourcecode.c.h; path = InfoGrabrAppDelegate.h; sourceTree = "<group>"; };
		568FCEA518F780C7002D65F3 /* InfoGrabrAppDelegate.m */ = {isa = PBXFileReference; lastKnownFileType = sourcecode.c.objc; path = InfoGrabrAppDelegate.m; sourceTree = "<group>"; };
		568FCEA718F780C7002D65F3 /* Default.png */ = {isa = PBXFileReference; lastKnownFileType = image.png; path = Default.png; sourceTree = "<group>"; };
		568FCEA918F780C7002D65F3 /* Default@2x.png */ = {isa = PBXFileReference; lastKnownFileType = image.png; path = "Default@2x.png"; sourceTree = "<group>"; };
		568FCEAB18F780C7002D65F3 /* Default-568h@2x.png */ = {isa = PBXFileReference; lastKnownFileType = image.png; path = "Default-568h@2x.png"; sourceTree = "<group>"; };
		568FCEB018F780C7002D65F3 /* first.png */ = {isa = PBXFileReference; lastKnownFileType = image.png; path = first.png; sourceTree = "<group>"; };
		568FCEB218F780C7002D65F3 /* first@2x.png */ = {isa = PBXFileReference; lastKnownFileType = image.png; path = "first@2x.png"; sourceTree = "<group>"; };
		568FCEB718F780C7002D65F3 /* second.png */ = {isa = PBXFileReference; lastKnownFileType = image.png; path = second.png; sourceTree = "<group>"; };
		568FCEB918F780C7002D65F3 /* second@2x.png */ = {isa = PBXFileReference; lastKnownFileType = image.png; path = "second@2x.png"; sourceTree = "<group>"; };
		568FCED218F7846C002D65F3 /* AVFoundation.framework */ = {isa = PBXFileReference; lastKnownFileType = wrapper.framework; name = AVFoundation.framework; path = System/Library/Frameworks/AVFoundation.framework; sourceTree = SDKROOT; };
		568FCED418F78474002D65F3 /* AudioToolbox.framework */ = {isa = PBXFileReference; lastKnownFileType = wrapper.framework; name = AudioToolbox.framework; path = System/Library/Frameworks/AudioToolbox.framework; sourceTree = SDKROOT; };
		568FCED618F78480002D65F3 /* CoreVideo.framework */ = {isa = PBXFileReference; lastKnownFileType = wrapper.framework; name = CoreVideo.framework; path = System/Library/Frameworks/CoreVideo.framework; sourceTree = SDKROOT; };
		568FCED818F78487002D65F3 /* CoreMedia.framework */ = {isa = PBXFileReference; lastKnownFileType = wrapper.framework; name = CoreMedia.framework; path = System/Library/Frameworks/CoreMedia.framework; sourceTree = SDKROOT; };
		568FCEDA18F78492002D65F3 /* libiconv.dylib */ = {isa = PBXFileReference; lastKnownFileType = "compiled.mach-o.dylib"; name = libiconv.dylib; path = usr/lib/libiconv.dylib; sourceTree = SDKROOT; };
		568FCEDC18F7849E002D65F3 /* AddressBook.framework */ = {isa = PBXFileReference; lastKnownFileType = wrapper.framework; name = AddressBook.framework; path = System/Library/Frameworks/AddressBook.framework; sourceTree = SDKROOT; };
		568FCEDD18F7849E002D65F3 /* AddressBookUI.framework */ = {isa = PBXFileReference; lastKnownFileType = wrapper.framework; name = AddressBookUI.framework; path = System/Library/Frameworks/AddressBookUI.framework; sourceTree = SDKROOT; };
		568FCEE918F787B5002D65F3 /* ZXingWidget.xcodeproj */ = {isa = PBXFileReference; lastKnownFileType = "wrapper.pb-project"; name = ZXingWidget.xcodeproj; path = lib/iphone/ZXingWidget/ZXingWidget.xcodeproj; sourceTree = "<group>"; };
		5694FDD718F8188B0061A991 /* ScanViewController.h */ = {isa = PBXFileReference; fileEncoding = 4; lastKnownFileType = sourcecode.c.h; path = ScanViewController.h; sourceTree = "<group>"; };
		5694FDD818F8188B0061A991 /* ScanViewController.mm */ = {isa = PBXFileReference; fileEncoding = 4; lastKnownFileType = sourcecode.cpp.objcpp; path = ScanViewController.mm; sourceTree = "<group>"; };
		5694FDD918F8188B0061A991 /* ScanViewController.xib */ = {isa = PBXFileReference; fileEncoding = 4; lastKnownFileType = file.xib; path = ScanViewController.xib; sourceTree = "<group>"; };
		5694FDDC18F823A70061A991 /* beep-beep.aiff */ = {isa = PBXFileReference; lastKnownFileType = audio.aiff; path = "beep-beep.aiff"; sourceTree = "<group>"; };
		5694FDDE18F9B1140061A991 /* CoreData.framework */ = {isa = PBXFileReference; lastKnownFileType = wrapper.framework; name = CoreData.framework; path = System/Library/Frameworks/CoreData.framework; sourceTree = SDKROOT; };
		5694FDE118F9B14E0061A991 /* InfoGrabr.xcdatamodel */ = {isa = PBXFileReference; lastKnownFileType = wrapper.xcdatamodel; path = InfoGrabr.xcdatamodel; sourceTree = "<group>"; };
		5694FDEE18FAE6C10061A991 /* AttendeeStore.h */ = {isa = PBXFileReference; fileEncoding = 4; lastKnownFileType = sourcecode.c.h; path = AttendeeStore.h; sourceTree = "<group>"; };
		5694FDEF18FAE6C10061A991 /* AttendeeStore.m */ = {isa = PBXFileReference; fileEncoding = 4; lastKnownFileType = sourcecode.c.objc; path = AttendeeStore.m; sourceTree = "<group>"; };
		569CA76C190319CD009CB655 /* RecordViewController.h */ = {isa = PBXFileReference; fileEncoding = 4; lastKnownFileType = sourcecode.c.h; path = RecordViewController.h; sourceTree = "<group>"; };
		569CA76D190319CD009CB655 /* RecordViewController.m */ = {isa = PBXFileReference; fileEncoding = 4; lastKnownFileType = sourcecode.c.objc; path = RecordViewController.m; sourceTree = "<group>"; };
		569CA76E190319CE009CB655 /* RecordViewController.xib */ = {isa = PBXFileReference; fileEncoding = 4; lastKnownFileType = file.xib; path = RecordViewController.xib; sourceTree = "<group>"; };
		569CA77319031ED6009CB655 /* camera.png */ = {isa = PBXFileReference; lastKnownFileType = image.png; path = camera.png; sourceTree = "<group>"; };
		901D2C6619058DC300161DEB /* InfoGrabrJSON.h */ = {isa = PBXFileReference; fileEncoding = 4; lastKnownFileType = sourcecode.c.h; path = InfoGrabrJSON.h; sourceTree = "<group>"; };
		901D2C6719058DC300161DEB /* InfoGrabrJSON.m */ = {isa = PBXFileReference; fileEncoding = 4; lastKnownFileType = sourcecode.c.objc; path = InfoGrabrJSON.m; sourceTree = "<group>"; };
/* End PBXFileReference section */

/* Begin PBXFrameworksBuildPhase section */
		568FCE8F18F780C6002D65F3 /* Frameworks */ = {
			isa = PBXFrameworksBuildPhase;
			buildActionMask = 2147483647;
			files = (
				5694FDDF18F9B1140061A991 /* CoreData.framework in Frameworks */,
				568FCEF418F787C9002D65F3 /* libZXingWidget.a in Frameworks */,
				568FCEDE18F7849E002D65F3 /* AddressBook.framework in Frameworks */,
				568FCEDF18F7849E002D65F3 /* AddressBookUI.framework in Frameworks */,
				568FCEDB18F78492002D65F3 /* libiconv.dylib in Frameworks */,
				568FCED918F78487002D65F3 /* CoreMedia.framework in Frameworks */,
				568FCED718F78480002D65F3 /* CoreVideo.framework in Frameworks */,
				568FCED518F78474002D65F3 /* AudioToolbox.framework in Frameworks */,
				568FCED318F7846C002D65F3 /* AVFoundation.framework in Frameworks */,
				568FCE9618F780C6002D65F3 /* UIKit.framework in Frameworks */,
				568FCE9818F780C6002D65F3 /* Foundation.framework in Frameworks */,
				568FCE9A18F780C6002D65F3 /* CoreGraphics.framework in Frameworks */,
			);
			runOnlyForDeploymentPostprocessing = 0;
		};
/* End PBXFrameworksBuildPhase section */

/* Begin PBXGroup section */
		568FCE8918F780C6002D65F3 = {
			isa = PBXGroup;
			children = (
				568FCEE918F787B5002D65F3 /* ZXingWidget.xcodeproj */,
				568FCE9B18F780C6002D65F3 /* InfoGrabr */,
				568FCE9418F780C6002D65F3 /* Frameworks */,
				568FCE9318F780C6002D65F3 /* Products */,
			);
			sourceTree = "<group>";
		};
		568FCE9318F780C6002D65F3 /* Products */ = {
			isa = PBXGroup;
			children = (
				568FCE9218F780C6002D65F3 /* InfoGrabr.app */,
			);
			name = Products;
			sourceTree = "<group>";
		};
		568FCE9418F780C6002D65F3 /* Frameworks */ = {
			isa = PBXGroup;
			children = (
				5694FDDE18F9B1140061A991 /* CoreData.framework */,
				568FCEDC18F7849E002D65F3 /* AddressBook.framework */,
				568FCEDD18F7849E002D65F3 /* AddressBookUI.framework */,
				568FCEDA18F78492002D65F3 /* libiconv.dylib */,
				568FCED818F78487002D65F3 /* CoreMedia.framework */,
				568FCED618F78480002D65F3 /* CoreVideo.framework */,
				568FCED418F78474002D65F3 /* AudioToolbox.framework */,
				568FCED218F7846C002D65F3 /* AVFoundation.framework */,
				568FCE9518F780C6002D65F3 /* UIKit.framework */,
				568FCE9718F780C6002D65F3 /* Foundation.framework */,
				568FCE9918F780C6002D65F3 /* CoreGraphics.framework */,
			);
			name = Frameworks;
			sourceTree = "<group>";
		};
		568FCE9B18F780C6002D65F3 /* InfoGrabr */ = {
			isa = PBXGroup;
			children = (
				901D2C6419058D9500161DEB /* API */,
				5694FDED18FAE5AF0061A991 /* CoreData */,
				5694FDE818FADF8D0061A991 /* Models */,
				5694FDE918FADF940061A991 /* Views */,
				5694FDE718FADF5B0061A991 /* Controllers */,
				5694FDDC18F823A70061A991 /* beep-beep.aiff */,
				568FCEA418F780C7002D65F3 /* InfoGrabrAppDelegate.h */,
				568FCEA518F780C7002D65F3 /* InfoGrabrAppDelegate.m */,
				569CA77319031ED6009CB655 /* camera.png */,
				11801BB71902E6D300223E27 /* checkbox-checked.png */,
				11801BB41902E6CC00223E27 /* checkbox.png */,
				568FCEB018F780C7002D65F3 /* first.png */,
				568FCEB218F780C7002D65F3 /* first@2x.png */,
				568FCEB718F780C7002D65F3 /* second.png */,
				568FCEB918F780C7002D65F3 /* second@2x.png */,
				568FCE9C18F780C6002D65F3 /* Supporting Files */,
			);
			path = InfoGrabr;
			sourceTree = "<group>";
		};
		568FCE9C18F780C6002D65F3 /* Supporting Files */ = {
			isa = PBXGroup;
			children = (
				568FCE9D18F780C6002D65F3 /* InfoGrabr-Info.plist */,
				568FCE9E18F780C6002D65F3 /* InfoPlist.strings */,
				568FCEA118F780C6002D65F3 /* main.mm */,
				568FCEA318F780C6002D65F3 /* InfoGrabr-Prefix.pch */,
				568FCEA718F780C7002D65F3 /* Default.png */,
				568FCEA918F780C7002D65F3 /* Default@2x.png */,
				568FCEAB18F780C7002D65F3 /* Default-568h@2x.png */,
			);
			name = "Supporting Files";
			sourceTree = "<group>";
		};
		568FCEEA18F787B5002D65F3 /* Products */ = {
			isa = PBXGroup;
			children = (
				568FCEEF18F787B5002D65F3 /* libZXingWidget.a */,
				568FCEF118F787B5002D65F3 /* ZXingTests.octest */,
			);
			name = Products;
			sourceTree = "<group>";
		};
		5694FDE718FADF5B0061A991 /* Controllers */ = {
			isa = PBXGroup;
			children = (
				11801BBB1902E71300223E27 /* QuestionnaireViewController.m */,
				11801BBD1902E72500223E27 /* QuestionnaireViewController.h */,
				5694FDD718F8188B0061A991 /* ScanViewController.h */,
				5694FDD818F8188B0061A991 /* ScanViewController.mm */,
				569CA76C190319CD009CB655 /* RecordViewController.h */,
				569CA76D190319CD009CB655 /* RecordViewController.m */,
			);
			name = Controllers;
			sourceTree = "<group>";
		};
		5694FDE818FADF8D0061A991 /* Models */ = {
			isa = PBXGroup;
			children = (
				567AED6719033EB2002D0EA9 /* Attendee.h */,
				567AED6819033EB2002D0EA9 /* Attendee.m */,
				118CDBEC1906007B008FD4B1 /* MIRadioButtonGroup.h */,
				118CDBED1906007B008FD4B1 /* MIRadioButtonGroup.m */,
			);
			name = Models;
			sourceTree = "<group>";
		};
		5694FDE918FADF940061A991 /* Views */ = {
			isa = PBXGroup;
			children = (
				569CA76E190319CE009CB655 /* RecordViewController.xib */,
				5694FDD918F8188B0061A991 /* ScanViewController.xib */,
				11801BB91902E70800223E27 /* QuestionnaireViewController.xib */,
			);
			name = Views;
			sourceTree = "<group>";
		};
		5694FDED18FAE5AF0061A991 /* CoreData */ = {
			isa = PBXGroup;
			children = (
				5694FDE018F9B14E0061A991 /* InfoGrabr.xcdatamodeld */,
				5694FDEE18FAE6C10061A991 /* AttendeeStore.h */,
				5694FDEF18FAE6C10061A991 /* AttendeeStore.m */,
			);
			name = CoreData;
			sourceTree = "<group>";
		};
		901D2C6419058D9500161DEB /* API */ = {
			isa = PBXGroup;
			children = (
				901D2C6619058DC300161DEB /* InfoGrabrJSON.h */,
				901D2C6719058DC300161DEB /* InfoGrabrJSON.m */,
			);
			name = API;
			sourceTree = "<group>";
		};
/* End PBXGroup section */

/* Begin PBXNativeTarget section */
		568FCE9118F780C6002D65F3 /* InfoGrabr */ = {
			isa = PBXNativeTarget;
			buildConfigurationList = 568FCEC318F780C7002D65F3 /* Build configuration list for PBXNativeTarget "InfoGrabr" */;
			buildPhases = (
				568FCE8E18F780C6002D65F3 /* Sources */,
				568FCE8F18F780C6002D65F3 /* Frameworks */,
				568FCE9018F780C6002D65F3 /* Resources */,
			);
			buildRules = (
			);
			dependencies = (
				568FCEF318F787C2002D65F3 /* PBXTargetDependency */,
			);
			name = InfoGrabr;
			productName = InfoGrabr;
			productReference = 568FCE9218F780C6002D65F3 /* InfoGrabr.app */;
			productType = "com.apple.product-type.application";
		};
/* End PBXNativeTarget section */

/* Begin PBXProject section */
		568FCE8A18F780C6002D65F3 /* Project object */ = {
			isa = PBXProject;
			attributes = {
				CLASSPREFIX = InfoGrabr;
				LastUpgradeCheck = 0460;
				ORGANIZATIONNAME = "Florida International University";
			};
			buildConfigurationList = 568FCE8D18F780C6002D65F3 /* Build configuration list for PBXProject "InfoGrabr" */;
			compatibilityVersion = "Xcode 3.2";
			developmentRegion = English;
			hasScannedForEncodings = 0;
			knownRegions = (
				en,
			);
			mainGroup = 568FCE8918F780C6002D65F3;
			productRefGroup = 568FCE9318F780C6002D65F3 /* Products */;
			projectDirPath = "";
			projectReferences = (
				{
					ProductGroup = 568FCEEA18F787B5002D65F3 /* Products */;
					ProjectRef = 568FCEE918F787B5002D65F3 /* ZXingWidget.xcodeproj */;
				},
			);
			projectRoot = "";
			targets = (
				568FCE9118F780C6002D65F3 /* InfoGrabr */,
			);
		};
/* End PBXProject section */

/* Begin PBXReferenceProxy section */
		568FCEEF18F787B5002D65F3 /* libZXingWidget.a */ = {
			isa = PBXReferenceProxy;
			fileType = archive.ar;
			path = libZXingWidget.a;
			remoteRef = 568FCEEE18F787B5002D65F3 /* PBXContainerItemProxy */;
			sourceTree = BUILT_PRODUCTS_DIR;
		};
		568FCEF118F787B5002D65F3 /* ZXingTests.octest */ = {
			isa = PBXReferenceProxy;
			fileType = wrapper.cfbundle;
			path = ZXingTests.octest;
			remoteRef = 568FCEF018F787B5002D65F3 /* PBXContainerItemProxy */;
			sourceTree = BUILT_PRODUCTS_DIR;
		};
/* End PBXReferenceProxy section */

/* Begin PBXResourcesBuildPhase section */
		568FCE9018F780C6002D65F3 /* Resources */ = {
			isa = PBXResourcesBuildPhase;
			buildActionMask = 2147483647;
			files = (
				568FCEA018F780C6002D65F3 /* InfoPlist.strings in Resources */,
				568FCEA818F780C7002D65F3 /* Default.png in Resources */,
				568FCEAA18F780C7002D65F3 /* Default@2x.png in Resources */,
				568FCEAC18F780C7002D65F3 /* Default-568h@2x.png in Resources */,
				568FCEB118F780C7002D65F3 /* first.png in Resources */,
				568FCEB318F780C7002D65F3 /* first@2x.png in Resources */,
				568FCEB818F780C7002D65F3 /* second.png in Resources */,
				568FCEBA18F780C7002D65F3 /* second@2x.png in Resources */,
				5694FDDB18F8188B0061A991 /* ScanViewController.xib in Resources */,
				5694FDDD18F823A80061A991 /* beep-beep.aiff in Resources */,
				11801BB51902E6CC00223E27 /* checkbox.png in Resources */,
				11801BB81902E6D300223E27 /* checkbox-checked.png in Resources */,
				11801BBA1902E70800223E27 /* QuestionnaireViewController.xib in Resources */,
				569CA770190319CF009CB655 /* RecordViewController.xib in Resources */,
				569CA77419031ED6009CB655 /* camera.png in Resources */,
			);
			runOnlyForDeploymentPostprocessing = 0;
		};
/* End PBXResourcesBuildPhase section */

/* Begin PBXSourcesBuildPhase section */
		568FCE8E18F780C6002D65F3 /* Sources */ = {
			isa = PBXSourcesBuildPhase;
			buildActionMask = 2147483647;
			files = (
				568FCEA218F780C6002D65F3 /* main.mm in Sources */,
				568FCEA618F780C7002D65F3 /* InfoGrabrAppDelegate.m in Sources */,
				5694FDDA18F8188B0061A991 /* ScanViewController.mm in Sources */,
				5694FDE218F9B14E0061A991 /* InfoGrabr.xcdatamodeld in Sources */,
				5694FDF018FAE6C10061A991 /* AttendeeStore.m in Sources */,
				11801BBC1902E71300223E27 /* QuestionnaireViewController.m in Sources */,
				569CA76F190319CF009CB655 /* RecordViewController.m in Sources */,
				567AED6919033EB2002D0EA9 /* Attendee.m in Sources */,
				901D2C6819058DC300161DEB /* InfoGrabrJSON.m in Sources */,
				118CDBEE1906007B008FD4B1 /* MIRadioButtonGroup.m in Sources */,
			);
			runOnlyForDeploymentPostprocessing = 0;
		};
/* End PBXSourcesBuildPhase section */

/* Begin PBXTargetDependency section */
		568FCEF318F787C2002D65F3 /* PBXTargetDependency */ = {
			isa = PBXTargetDependency;
			name = ZXingWidget;
			targetProxy = 568FCEF218F787C2002D65F3 /* PBXContainerItemProxy */;
		};
/* End PBXTargetDependency section */

/* Begin PBXVariantGroup section */
		568FCE9E18F780C6002D65F3 /* InfoPlist.strings */ = {
			isa = PBXVariantGroup;
			children = (
				568FCE9F18F780C6002D65F3 /* en */,
			);
			name = InfoPlist.strings;
			sourceTree = "<group>";
		};
/* End PBXVariantGroup section */

/* Begin XCBuildConfiguration section */
		568FCEC118F780C7002D65F3 /* Debug */ = {
			isa = XCBuildConfiguration;
			buildSettings = {
				ALWAYS_SEARCH_USER_PATHS = NO;
				CLANG_CXX_LANGUAGE_STANDARD = "gnu++0x";
				CLANG_CXX_LIBRARY = "libc++";
				CLANG_ENABLE_OBJC_ARC = YES;
				CLANG_WARN_CONSTANT_CONVERSION = YES;
				CLANG_WARN_EMPTY_BODY = YES;
				CLANG_WARN_ENUM_CONVERSION = YES;
				CLANG_WARN_INT_CONVERSION = YES;
				CLANG_WARN__DUPLICATE_METHOD_MATCH = YES;
				"CODE_SIGN_IDENTITY[sdk=iphoneos*]" = "iPhone Developer";
				COPY_PHASE_STRIP = NO;
				GCC_C_LANGUAGE_STANDARD = gnu99;
				GCC_DYNAMIC_NO_PIC = NO;
				GCC_OPTIMIZATION_LEVEL = 0;
				GCC_PREPROCESSOR_DEFINITIONS = (
					"DEBUG=1",
					"$(inherited)",
				);
				GCC_SYMBOLS_PRIVATE_EXTERN = NO;
				GCC_WARN_ABOUT_RETURN_TYPE = YES;
				GCC_WARN_UNINITIALIZED_AUTOS = YES;
				GCC_WARN_UNUSED_VARIABLE = YES;
				IPHONEOS_DEPLOYMENT_TARGET = 6.1;
				ONLY_ACTIVE_ARCH = YES;
				SDKROOT = iphoneos;
				TARGETED_DEVICE_FAMILY = 2;
			};
			name = Debug;
		};
		568FCEC218F780C7002D65F3 /* Release */ = {
			isa = XCBuildConfiguration;
			buildSettings = {
				ALWAYS_SEARCH_USER_PATHS = NO;
				CLANG_CXX_LANGUAGE_STANDARD = "gnu++0x";
				CLANG_CXX_LIBRARY = "libc++";
				CLANG_ENABLE_OBJC_ARC = YES;
				CLANG_WARN_CONSTANT_CONVERSION = YES;
				CLANG_WARN_EMPTY_BODY = YES;
				CLANG_WARN_ENUM_CONVERSION = YES;
				CLANG_WARN_INT_CONVERSION = YES;
				CLANG_WARN__DUPLICATE_METHOD_MATCH = YES;
				"CODE_SIGN_IDENTITY[sdk=iphoneos*]" = "iPhone Developer";
				COPY_PHASE_STRIP = YES;
				GCC_C_LANGUAGE_STANDARD = gnu99;
				GCC_WARN_ABOUT_RETURN_TYPE = YES;
				GCC_WARN_UNINITIALIZED_AUTOS = YES;
				GCC_WARN_UNUSED_VARIABLE = YES;
				IPHONEOS_DEPLOYMENT_TARGET = 6.1;
				OTHER_CFLAGS = "-DNS_BLOCK_ASSERTIONS=1";
				SDKROOT = iphoneos;
				TARGETED_DEVICE_FAMILY = 2;
				VALIDATE_PRODUCT = YES;
			};
			name = Release;
		};
		568FCEC418F780C7002D65F3 /* Debug */ = {
			isa = XCBuildConfiguration;
			buildSettings = {
				CLANG_CXX_LANGUAGE_STANDARD = "compiler-default";
				CLANG_CXX_LIBRARY = "compiler-default";
				GCC_C_LANGUAGE_STANDARD = c99;
				GCC_PRECOMPILE_PREFIX_HEADER = YES;
				GCC_PREFIX_HEADER = "InfoGrabr/InfoGrabr-Prefix.pch";
				HEADER_SEARCH_PATHS = (
					lib/cpp/core/src,
					"lib/iphone/ZXingWidget/Classes/**",
				);
				INFOPLIST_FILE = "InfoGrabr/InfoGrabr-Info.plist";
				IPHONEOS_DEPLOYMENT_TARGET = 6.1;
				PRODUCT_NAME = "$(TARGET_NAME)";
				TARGETED_DEVICE_FAMILY = 1;
				WRAPPER_EXTENSION = app;
			};
			name = Debug;
		};
		568FCEC518F780C7002D65F3 /* Release */ = {
			isa = XCBuildConfiguration;
			buildSettings = {
				CLANG_CXX_LANGUAGE_STANDARD = "compiler-default";
				CLANG_CXX_LIBRARY = "compiler-default";
				GCC_C_LANGUAGE_STANDARD = c99;
				GCC_PRECOMPILE_PREFIX_HEADER = YES;
				GCC_PREFIX_HEADER = "InfoGrabr/InfoGrabr-Prefix.pch";
				HEADER_SEARCH_PATHS = (
					lib/cpp/core/src,
					"lib/iphone/ZXingWidget/Classes/**",
				);
				INFOPLIST_FILE = "InfoGrabr/InfoGrabr-Info.plist";
				IPHONEOS_DEPLOYMENT_TARGET = 6.1;
				PRODUCT_NAME = "$(TARGET_NAME)";
				TARGETED_DEVICE_FAMILY = 1;
				WRAPPER_EXTENSION = app;
			};
			name = Release;
		};
/* End XCBuildConfiguration section */

/* Begin XCConfigurationList section */
		568FCE8D18F780C6002D65F3 /* Build configuration list for PBXProject "InfoGrabr" */ = {
			isa = XCConfigurationList;
			buildConfigurations = (
				568FCEC118F780C7002D65F3 /* Debug */,
				568FCEC218F780C7002D65F3 /* Release */,
			);
			defaultConfigurationIsVisible = 0;
			defaultConfigurationName = Release;
		};
		568FCEC318F780C7002D65F3 /* Build configuration list for PBXNativeTarget "InfoGrabr" */ = {
			isa = XCConfigurationList;
			buildConfigurations = (
				568FCEC418F780C7002D65F3 /* Debug */,
				568FCEC518F780C7002D65F3 /* Release */,
			);
			defaultConfigurationIsVisible = 0;
			defaultConfigurationName = Release;
		};
/* End XCConfigurationList section */

/* Begin XCVersionGroup section */
		5694FDE018F9B14E0061A991 /* InfoGrabr.xcdatamodeld */ = {
			isa = XCVersionGroup;
			children = (
				5694FDE118F9B14E0061A991 /* InfoGrabr.xcdatamodel */,
			);
			currentVersion = 5694FDE118F9B14E0061A991 /* InfoGrabr.xcdatamodel */;
			path = InfoGrabr.xcdatamodeld;
			sourceTree = "<group>";
			versionGroupType = wrapper.xcdatamodel;
		};
/* End XCVersionGroup section */
	};
	rootObject = 568FCE8A18F780C6002D65F3 /* Project object */;
}
